# This file was autogenerated by Stack.
# You should not edit this file by hand.
# For more information, please see the documentation at:
#   https://docs.haskellstack.org/en/stable/lock_files

packages:
- completed:
    hackage: radian-0.1@sha256:35e642430f751cfbbefc39c5b82bab6f63834d65f8fc3f71d0e68b97f30973d6,1944
    pantry-tree:
      size: 316
      sha256: 21080335f1f552b36b3c74ce32e1a4338ad2aceb2b8fbf5692e03002a61bdc80
  original:
    hackage: radian-0.1@sha256:35e642430f751cfbbefc39c5b82bab6f63834d65f8fc3f71d0e68b97f30973d6,1944
snapshots:
- completed:
    size: 499461
    url: https://raw.githubusercontent.com/commercialhaskell/stackage-snapshots/master/lts/13/25.yaml
    sha256: aed98969628e20615e96b06083c933c7e3354ae56b08b75e607a26569225d6c0
  original: lts-13.25
